// !$*UTF8*$!
{
	archiveVersion = 1;
	classes = {
	};
	objectVersion = 56;
	objects = {

/* Begin PBXBuildFile section */
		C373232D2BF0B67C0059EB80 /* SDWebImage in Frameworks */ = {isa = PBXBuildFile; productRef = C373232C2BF0B67C0059EB80 /* SDWebImage */; };
		C373232F2BF0B67C0059EB80 /* SDWebImageMapKit in Frameworks */ = {isa = PBXBuildFile; productRef = C373232E2BF0B67C0059EB80 /* SDWebImageMapKit */; };
		C3D94B592BEE98B000566535 /* AppDelegate.swift in Sources */ = {isa = PBXBuildFile; fileRef = C3D94B582BEE98B000566535 /* AppDelegate.swift */; };
		C3D94B5D2BEE98B000566535 /* ViewController.swift in Sources */ = {isa = PBXBuildFile; fileRef = C3D94B5C2BEE98B000566535 /* ViewController.swift */; };
		C3D94B622BEE98B100566535 /* Assets.xcassets in Resources */ = {isa = PBXBuildFile; fileRef = C3D94B612BEE98B100566535 /* Assets.xcassets */; };
		C3D94B652BEE98B100566535 /* Base in Resources */ = {isa = PBXBuildFile; fileRef = C3D94B642BEE98B100566535 /* Base */; };
		C3D94B6F2BEE99C500566535 /* AccountViewController.swift in Sources */ = {isa = PBXBuildFile; fileRef = C3D94B6E2BEE99C500566535 /* AccountViewController.swift */; };
		C3D94B712BEE99DC00566535 /* HomeViewController.swift in Sources */ = {isa = PBXBuildFile; fileRef = C3D94B702BEE99DC00566535 /* HomeViewController.swift */; };
		C3D94B732BEE99FB00566535 /* SearchViewController.swift in Sources */ = {isa = PBXBuildFile; fileRef = C3D94B722BEE99FB00566535 /* SearchViewController.swift */; };
		C3D94B752BEE9A0D00566535 /* UpcomingViewController.swift in Sources */ = {isa = PBXBuildFile; fileRef = C3D94B742BEE9A0D00566535 /* UpcomingViewController.swift */; };
		C3D94B782BEE9B4B00566535 /* SnapKit in Frameworks */ = {isa = PBXBuildFile; productRef = C3D94B772BEE9B4B00566535 /* SnapKit */; };
		C3D94B7A2BEE9B4B00566535 /* SnapKit-Dynamic in Frameworks */ = {isa = PBXBuildFile; productRef = C3D94B792BEE9B4B00566535 /* SnapKit-Dynamic */; };
		C3D94B812BEE9F5B00566535 /* CollectionViewTableViewCell.swift in Sources */ = {isa = PBXBuildFile; fileRef = C3D94B802BEE9F5B00566535 /* CollectionViewTableViewCell.swift */; };
		C3D94B842BEEA4A200566535 /* Alamofire in Frameworks */ = {isa = PBXBuildFile; productRef = C3D94B832BEEA4A200566535 /* Alamofire */; };
		C3D94B862BEEA4A200566535 /* AlamofireDynamic in Frameworks */ = {isa = PBXBuildFile; productRef = C3D94B852BEEA4A200566535 /* AlamofireDynamic */; };
/* End PBXBuildFile section */

/* Begin PBXFileReference section */
		C3D94B552BEE98B000566535 /* MyProject.app */ = {isa = PBXFileReference; explicitFileType = wrapper.application; includeInIndex = 0; path = MyProject.app; sourceTree = BUILT_PRODUCTS_DIR; };
		C3D94B582BEE98B000566535 /* AppDelegate.swift */ = {isa = PBXFileReference; lastKnownFileType = sourcecode.swift; path = AppDelegate.swift; sourceTree = "<group>"; };
		C3D94B5C2BEE98B000566535 /* ViewController.swift */ = {isa = PBXFileReference; lastKnownFileType = sourcecode.swift; path = ViewController.swift; sourceTree = "<group>"; };
		C3D94B612BEE98B100566535 /* Assets.xcassets */ = {isa = PBXFileReference; lastKnownFileType = folder.assetcatalog; path = Assets.xcassets; sourceTree = "<group>"; };
		C3D94B642BEE98B100566535 /* Base */ = {isa = PBXFileReference; lastKnownFileType = file.storyboard; name = Base; path = Base.lproj/LaunchScreen.storyboard; sourceTree = "<group>"; };
		C3D94B662BEE98B100566535 /* Info.plist */ = {isa = PBXFileReference; lastKnownFileType = text.plist.xml; path = Info.plist; sourceTree = "<group>"; };
		C3D94B6E2BEE99C500566535 /* AccountViewController.swift */ = {isa = PBXFileReference; lastKnownFileType = sourcecode.swift; path = AccountViewController.swift; sourceTree = "<group>"; };
		C3D94B702BEE99DC00566535 /* HomeViewController.swift */ = {isa = PBXFileReference; lastKnownFileType = sourcecode.swift; path = HomeViewController.swift; sourceTree = "<group>"; };
		C3D94B722BEE99FB00566535 /* SearchViewController.swift */ = {isa = PBXFileReference; lastKnownFileType = sourcecode.swift; path = SearchViewController.swift; sourceTree = "<group>"; };
		C3D94B742BEE9A0D00566535 /* UpcomingViewController.swift */ = {isa = PBXFileReference; lastKnownFileType = sourcecode.swift; path = UpcomingViewController.swift; sourceTree = "<group>"; };
		C3D94B802BEE9F5B00566535 /* CollectionViewTableViewCell.swift */ = {isa = PBXFileReference; lastKnownFileType = sourcecode.swift; path = CollectionViewTableViewCell.swift; sourceTree = "<group>"; };
/* End PBXFileReference section */

/* Begin PBXFrameworksBuildPhase section */
		C3D94B522BEE98B000566535 /* Frameworks */ = {
			isa = PBXFrameworksBuildPhase;
			buildActionMask = 2147483647;
			files = (
				C3D94B842BEEA4A200566535 /* Alamofire in Frameworks */,
				C3D94B862BEEA4A200566535 /* AlamofireDynamic in Frameworks */,
				C3D94B782BEE9B4B00566535 /* SnapKit in Frameworks */,
				C3D94B7A2BEE9B4B00566535 /* SnapKit-Dynamic in Frameworks */,
				C373232F2BF0B67C0059EB80 /* SDWebImageMapKit in Frameworks */,
				C373232D2BF0B67C0059EB80 /* SDWebImage in Frameworks */,
			);
			runOnlyForDeploymentPostprocessing = 0;
		};
/* End PBXFrameworksBuildPhase section */

/* Begin PBXGroup section */
		C3D94B4C2BEE98B000566535 = {
			isa = PBXGroup;
			children = (
				C3D94B572BEE98B000566535 /* MyProject */,
				C3D94B562BEE98B000566535 /* Products */,
			);
			sourceTree = "<group>";
		};
		C3D94B562BEE98B000566535 /* Products */ = {
			isa = PBXGroup;
			children = (
				C3D94B552BEE98B000566535 /* MyProject.app */,
			);
			name = Products;
			sourceTree = "<group>";
		};
		C3D94B572BEE98B000566535 /* MyProject */ = {
			isa = PBXGroup;
			children = (
				C3D94B7F2BEE9F1E00566535 /* managers */,
				C3D94B7E2BEE9F1400566535 /* resources */,
				C3D94B7D2BEE9EFA00566535 /* models */,
				C3D94B7C2BEE9EDB00566535 /* viewsModels */,
				C3D94B7B2BEE9EC800566535 /* views */,
				C3D94B6D2BEE996C00566535 /* ControllersNetflix */,
				C3D94B612BEE98B100566535 /* Assets.xcassets */,
				C3D94B632BEE98B100566535 /* LaunchScreen.storyboard */,
				C3D94B662BEE98B100566535 /* Info.plist */,
			);
			path = MyProject;
			sourceTree = "<group>";
		};
		C3D94B6D2BEE996C00566535 /* ControllersNetflix */ = {
			isa = PBXGroup;
			children = (
				C3D94B702BEE99DC00566535 /* HomeViewController.swift */,
				C3D94B742BEE9A0D00566535 /* UpcomingViewController.swift */,
				C3D94B722BEE99FB00566535 /* SearchViewController.swift */,
				C3D94B5C2BEE98B000566535 /* ViewController.swift */,
				C3D94B6E2BEE99C500566535 /* AccountViewController.swift */,
			);
			path = ControllersNetflix;
			sourceTree = "<group>";
		};
		C3D94B7B2BEE9EC800566535 /* views */ = {
			isa = PBXGroup;
			children = (
				C3D94B802BEE9F5B00566535 /* CollectionViewTableViewCell.swift */,
			);
			path = views;
			sourceTree = "<group>";
		};
		C3D94B7C2BEE9EDB00566535 /* viewsModels */ = {
			isa = PBXGroup;
			children = (
			);
			path = viewsModels;
			sourceTree = "<group>";
		};
		C3D94B7D2BEE9EFA00566535 /* models */ = {
			isa = PBXGroup;
			children = (
			);
			path = models;
			sourceTree = "<group>";
		};
		C3D94B7E2BEE9F1400566535 /* resources */ = {
			isa = PBXGroup;
			children = (
				C3D94B582BEE98B000566535 /* AppDelegate.swift */,
			);
			path = resources;
			sourceTree = "<group>";
		};
		C3D94B7F2BEE9F1E00566535 /* managers */ = {
			isa = PBXGroup;
			children = (
			);
			path = managers;
			sourceTree = "<group>";
		};
/* End PBXGroup section */

/* Begin PBXNativeTarget section */
		C3D94B542BEE98B000566535 /* MyProject */ = {
			isa = PBXNativeTarget;
			buildConfigurationList = C3D94B692BEE98B100566535 /* Build configuration list for PBXNativeTarget "MyProject" */;
			buildPhases = (
				C3D94B512BEE98B000566535 /* Sources */,
				C3D94B522BEE98B000566535 /* Frameworks */,
				C3D94B532BEE98B000566535 /* Resources */,
			);
			buildRules = (
			);
			dependencies = (
			);
			name = MyProject;
			packageProductDependencies = (
				C3D94B772BEE9B4B00566535 /* SnapKit */,
				C3D94B792BEE9B4B00566535 /* SnapKit-Dynamic */,
				C3D94B832BEEA4A200566535 /* Alamofire */,
				C3D94B852BEEA4A200566535 /* AlamofireDynamic */,
				C373232C2BF0B67C0059EB80 /* SDWebImage */,
				C373232E2BF0B67C0059EB80 /* SDWebImageMapKit */,
			);
			productName = MyProject;
			productReference = C3D94B552BEE98B000566535 /* MyProject.app */;
			productType = "com.apple.product-type.application";
		};
/* End PBXNativeTarget section */

/* Begin PBXProject section */
		C3D94B4D2BEE98B000566535 /* Project object */ = {
			isa = PBXProject;
			attributes = {
				BuildIndependentTargetsInParallel = 1;
				LastSwiftUpdateCheck = 1530;
				LastUpgradeCheck = 1530;
				TargetAttributes = {
					C3D94B542BEE98B000566535 = {
						CreatedOnToolsVersion = 15.3;
					};
				};
			};
			buildConfigurationList = C3D94B502BEE98B000566535 /* Build configuration list for PBXProject "MyProject" */;
			compatibilityVersion = "Xcode 14.0";
			developmentRegion = en;
			hasScannedForEncodings = 0;
			knownRegions = (
				en,
				Base,
			);
			mainGroup = C3D94B4C2BEE98B000566535;
			packageReferences = (
				C3D94B762BEE9B4B00566535 /* XCRemoteSwiftPackageReference "SnapKit" */,
				C3D94B822BEEA4A200566535 /* XCRemoteSwiftPackageReference "Alamofire" */,
				C373232B2BF0B67C0059EB80 /* XCRemoteSwiftPackageReference "SDWebImage" */,
			);
			productRefGroup = C3D94B562BEE98B000566535 /* Products */;
			projectDirPath = "";
			projectRoot = "";
			targets = (
				C3D94B542BEE98B000566535 /* MyProject */,
			);
		};
/* End PBXProject section */

/* Begin PBXResourcesBuildPhase section */
		C3D94B532BEE98B000566535 /* Resources */ = {
			isa = PBXResourcesBuildPhase;
			buildActionMask = 2147483647;
			files = (
				C3D94B622BEE98B100566535 /* Assets.xcassets in Resources */,
				C3D94B652BEE98B100566535 /* Base in Resources */,
			);
			runOnlyForDeploymentPostprocessing = 0;
		};
/* End PBXResourcesBuildPhase section */

/* Begin PBXSourcesBuildPhase section */
		C3D94B512BEE98B000566535 /* Sources */ = {
			isa = PBXSourcesBuildPhase;
			buildActionMask = 2147483647;
			files = (
				C3D94B732BEE99FB00566535 /* SearchViewController.swift in Sources */,
				C3D94B712BEE99DC00566535 /* HomeViewController.swift in Sources */,
				C3D94B5D2BEE98B000566535 /* ViewController.swift in Sources */,
				C3D94B812BEE9F5B00566535 /* CollectionViewTableViewCell.swift in Sources */,
				C3D94B592BEE98B000566535 /* AppDelegate.swift in Sources */,
				C3D94B6F2BEE99C500566535 /* AccountViewController.swift in Sources */,
				C3D94B752BEE9A0D00566535 /* UpcomingViewController.swift in Sources */,
			);
			runOnlyForDeploymentPostprocessing = 0;
		};
/* End PBXSourcesBuildPhase section */

/* Begin PBXVariantGroup section */
		C3D94B632BEE98B100566535 /* LaunchScreen.storyboard */ = {
			isa = PBXVariantGroup;
			children = (
				C3D94B642BEE98B100566535 /* Base */,
			);
			name = LaunchScreen.storyboard;
			sourceTree = "<group>";
		};
/* End PBXVariantGroup section */

/* Begin XCBuildConfiguration section */
		C3D94B672BEE98B100566535 /* Debug */ = {
			isa = XCBuildConfiguration;
			buildSettings = {
				ALWAYS_SEARCH_USER_PATHS = NO;
				ASSETCATALOG_COMPILER_GENERATE_SWIFT_ASSET_SYMBOL_EXTENSIONS = YES;
				CLANG_ANALYZER_NONNULL = YES;
				CLANG_ANALYZER_NUMBER_OBJECT_CONVERSION = YES_AGGRESSIVE;
				CLANG_CXX_LANGUAGE_STANDARD = "gnu++20";
				CLANG_ENABLE_MODULES = YES;
				CLANG_ENABLE_OBJC_ARC = YES;
				CLANG_ENABLE_OBJC_WEAK = YES;
				CLANG_WARN_BLOCK_CAPTURE_AUTORELEASING = YES;
				CLANG_WARN_BOOL_CONVERSION = YES;
				CLANG_WARN_COMMA = YES;
				CLANG_WARN_CONSTANT_CONVERSION = YES;
				CLANG_WARN_DEPRECATED_OBJC_IMPLEMENTATIONS = YES;
				CLANG_WARN_DIRECT_OBJC_ISA_USAGE = YES_ERROR;
				CLANG_WARN_DOCUMENTATION_COMMENTS = YES;
				CLANG_WARN_EMPTY_BODY = YES;
				CLANG_WARN_ENUM_CONVERSION = YES;
				CLANG_WARN_INFINITE_RECURSION = YES;
				CLANG_WARN_INT_CONVERSION = YES;
				CLANG_WARN_NON_LITERAL_NULL_CONVERSION = YES;
				CLANG_WARN_OBJC_IMPLICIT_RETAIN_SELF = YES;
				CLANG_WARN_OBJC_LITERAL_CONVERSION = YES;
				CLANG_WARN_OBJC_ROOT_CLASS = YES_ERROR;
				CLANG_WARN_QUOTED_INCLUDE_IN_FRAMEWORK_HEADER = YES;
				CLANG_WARN_RANGE_LOOP_ANALYSIS = YES;
				CLANG_WARN_STRICT_PROTOTYPES = YES;
				CLANG_WARN_SUSPICIOUS_MOVE = YES;
				CLANG_WARN_UNGUARDED_AVAILABILITY = YES_AGGRESSIVE;
				CLANG_WARN_UNREACHABLE_CODE = YES;
				CLANG_WARN__DUPLICATE_METHOD_MATCH = YES;
				COPY_PHASE_STRIP = NO;
				DEBUG_INFORMATION_FORMAT = dwarf;
				ENABLE_STRICT_OBJC_MSGSEND = YES;
				ENABLE_TESTABILITY = YES;
				ENABLE_USER_SCRIPT_SANDBOXING = YES;
				GCC_C_LANGUAGE_STANDARD = gnu17;
				GCC_DYNAMIC_NO_PIC = NO;
				GCC_NO_COMMON_BLOCKS = YES;
				GCC_OPTIMIZATION_LEVEL = 0;
				GCC_PREPROCESSOR_DEFINITIONS = (
					"DEBUG=1",
					"$(inherited)",
				);
				GCC_WARN_64_TO_32_BIT_CONVERSION = YES;
				GCC_WARN_ABOUT_RETURN_TYPE = YES_ERROR;
				GCC_WARN_UNDECLARED_SELECTOR = YES;
				GCC_WARN_UNINITIALIZED_AUTOS = YES_AGGRESSIVE;
				GCC_WARN_UNUSED_FUNCTION = YES;
				GCC_WARN_UNUSED_VARIABLE = YES;
				IPHONEOS_DEPLOYMENT_TARGET = 17.4;
				LOCALIZATION_PREFERS_STRING_CATALOGS = YES;
				MTL_ENABLE_DEBUG_INFO = INCLUDE_SOURCE;
				MTL_FAST_MATH = YES;
				ONLY_ACTIVE_ARCH = YES;
				SDKROOT = iphoneos;
				SWIFT_ACTIVE_COMPILATION_CONDITIONS = "DEBUG $(inherited)";
				SWIFT_OPTIMIZATION_LEVEL = "-Onone";
			};
			name = Debug;
		};
		C3D94B682BEE98B100566535 /* Release */ = {
			isa = XCBuildConfiguration;
			buildSettings = {
				ALWAYS_SEARCH_USER_PATHS = NO;
				ASSETCATALOG_COMPILER_GENERATE_SWIFT_ASSET_SYMBOL_EXTENSIONS = YES;
				CLANG_ANALYZER_NONNULL = YES;
				CLANG_ANALYZER_NUMBER_OBJECT_CONVERSION = YES_AGGRESSIVE;
				CLANG_CXX_LANGUAGE_STANDARD = "gnu++20";
				CLANG_ENABLE_MODULES = YES;
				CLANG_ENABLE_OBJC_ARC = YES;
				CLANG_ENABLE_OBJC_WEAK = YES;
				CLANG_WARN_BLOCK_CAPTURE_AUTORELEASING = YES;
				CLANG_WARN_BOOL_CONVERSION = YES;
				CLANG_WARN_COMMA = YES;
				CLANG_WARN_CONSTANT_CONVERSION = YES;
				CLANG_WARN_DEPRECATED_OBJC_IMPLEMENTATIONS = YES;
				CLANG_WARN_DIRECT_OBJC_ISA_USAGE = YES_ERROR;
				CLANG_WARN_DOCUMENTATION_COMMENTS = YES;
				CLANG_WARN_EMPTY_BODY = YES;
				CLANG_WARN_ENUM_CONVERSION = YES;
				CLANG_WARN_INFINITE_RECURSION = YES;
				CLANG_WARN_INT_CONVERSION = YES;
				CLANG_WARN_NON_LITERAL_NULL_CONVERSION = YES;
				CLANG_WARN_OBJC_IMPLICIT_RETAIN_SELF = YES;
				CLANG_WARN_OBJC_LITERAL_CONVERSION = YES;
				CLANG_WARN_OBJC_ROOT_CLASS = YES_ERROR;
				CLANG_WARN_QUOTED_INCLUDE_IN_FRAMEWORK_HEADER = YES;
				CLANG_WARN_RANGE_LOOP_ANALYSIS = YES;
				CLANG_WARN_STRICT_PROTOTYPES = YES;
				CLANG_WARN_SUSPICIOUS_MOVE = YES;
				CLANG_WARN_UNGUARDED_AVAILABILITY = YES_AGGRESSIVE;
				CLANG_WARN_UNREACHABLE_CODE = YES;
				CLANG_WARN__DUPLICATE_METHOD_MATCH = YES;
				COPY_PHASE_STRIP = NO;
				DEBUG_INFORMATION_FORMAT = "dwarf-with-dsym";
				ENABLE_NS_ASSERTIONS = NO;
				ENABLE_STRICT_OBJC_MSGSEND = YES;
				ENABLE_USER_SCRIPT_SANDBOXING = YES;
				GCC_C_LANGUAGE_STANDARD = gnu17;
				GCC_NO_COMMON_BLOCKS = YES;
				GCC_WARN_64_TO_32_BIT_CONVERSION = YES;
				GCC_WARN_ABOUT_RETURN_TYPE = YES_ERROR;
				GCC_WARN_UNDECLARED_SELECTOR = YES;
				GCC_WARN_UNINITIALIZED_AUTOS = YES_AGGRESSIVE;
				GCC_WARN_UNUSED_FUNCTION = YES;
				GCC_WARN_UNUSED_VARIABLE = YES;
				IPHONEOS_DEPLOYMENT_TARGET = 17.4;
				LOCALIZATION_PREFERS_STRING_CATALOGS = YES;
				MTL_ENABLE_DEBUG_INFO = NO;
				MTL_FAST_MATH = YES;
				SDKROOT = iphoneos;
				SWIFT_COMPILATION_MODE = wholemodule;
				VALIDATE_PRODUCT = YES;
			};
			name = Release;
		};
		C3D94B6A2BEE98B100566535 /* Debug */ = {
			isa = XCBuildConfiguration;
			buildSettings = {
				ASSETCATALOG_COMPILER_APPICON_NAME = AppIcon;
				ASSETCATALOG_COMPILER_GLOBAL_ACCENT_COLOR_NAME = AccentColor;
				CODE_SIGN_STYLE = Automatic;
				CURRENT_PROJECT_VERSION = 1;
				DEVELOPMENT_TEAM = C5UC579G2V;
				GENERATE_INFOPLIST_FILE = YES;
				INFOPLIST_FILE = MyProject/Info.plist;
				INFOPLIST_KEY_UIApplicationSupportsIndirectInputEvents = YES;
				INFOPLIST_KEY_UILaunchStoryboardName = LaunchScreen;
				INFOPLIST_KEY_UIMainStoryboardFile = "";
				INFOPLIST_KEY_UISupportedInterfaceOrientations_iPad = "UIInterfaceOrientationPortrait UIInterfaceOrientationPortraitUpsideDown UIInterfaceOrientationLandscapeLeft UIInterfaceOrientationLandscapeRight";
				INFOPLIST_KEY_UISupportedInterfaceOrientations_iPhone = "UIInterfaceOrientationPortrait UIInterfaceOrientationLandscapeLeft UIInterfaceOrientationLandscapeRight";
				LD_RUNPATH_SEARCH_PATHS = (
					"$(inherited)",
					"@executable_path/Frameworks",
				);
				MARKETING_VERSION = 1.0;
				PRODUCT_BUNDLE_IDENTIFIER = "-.MyProject";
				PRODUCT_NAME = "$(TARGET_NAME)";
				SWIFT_EMIT_LOC_STRINGS = YES;
				SWIFT_VERSION = 5.0;
				TARGETED_DEVICE_FAMILY = "1,2";
			};
			name = Debug;
		};
		C3D94B6B2BEE98B100566535 /* Release */ = {
			isa = XCBuildConfiguration;
			buildSettings = {
				ASSETCATALOG_COMPILER_APPICON_NAME = AppIcon;
				ASSETCATALOG_COMPILER_GLOBAL_ACCENT_COLOR_NAME = AccentColor;
				CODE_SIGN_STYLE = Automatic;
				CURRENT_PROJECT_VERSION = 1;
				DEVELOPMENT_TEAM = C5UC579G2V;
				GENERATE_INFOPLIST_FILE = YES;
				INFOPLIST_FILE = MyProject/Info.plist;
				INFOPLIST_KEY_UIApplicationSupportsIndirectInputEvents = YES;
				INFOPLIST_KEY_UILaunchStoryboardName = LaunchScreen;
				INFOPLIST_KEY_UIMainStoryboardFile = "";
				INFOPLIST_KEY_UISupportedInterfaceOrientations_iPad = "UIInterfaceOrientationPortrait UIInterfaceOrientationPortraitUpsideDown UIInterfaceOrientationLandscapeLeft UIInterfaceOrientationLandscapeRight";
				INFOPLIST_KEY_UISupportedInterfaceOrientations_iPhone = "UIInterfaceOrientationPortrait UIInterfaceOrientationLandscapeLeft UIInterfaceOrientationLandscapeRight";
				LD_RUNPATH_SEARCH_PATHS = (
					"$(inherited)",
					"@executable_path/Frameworks",
				);
				MARKETING_VERSION = 1.0;
				PRODUCT_BUNDLE_IDENTIFIER = "-.MyProject";
				PRODUCT_NAME = "$(TARGET_NAME)";
				SWIFT_EMIT_LOC_STRINGS = YES;
				SWIFT_VERSION = 5.0;
				TARGETED_DEVICE_FAMILY = "1,2";
			};
			name = Release;
		};
/* End XCBuildConfiguration section */

/* Begin XCConfigurationList section */
		C3D94B502BEE98B000566535 /* Build configuration list for PBXProject "MyProject" */ = {
			isa = XCConfigurationList;
			buildConfigurations = (
				C3D94B672BEE98B100566535 /* Debug */,
				C3D94B682BEE98B100566535 /* Release */,
			);
			defaultConfigurationIsVisible = 0;
			defaultConfigurationName = Release;
		};
		C3D94B692BEE98B100566535 /* Build configuration list for PBXNativeTarget "MyProject" */ = {
			isa = XCConfigurationList;
			buildConfigurations = (
				C3D94B6A2BEE98B100566535 /* Debug */,
				C3D94B6B2BEE98B100566535 /* Release */,
			);
			defaultConfigurationIsVisible = 0;
			defaultConfigurationName = Release;
		};
/* End XCConfigurationList section */

/* Begin XCRemoteSwiftPackageReference section */
		C373232B2BF0B67C0059EB80 /* XCRemoteSwiftPackageReference "SDWebImage" */ = {
			isa = XCRemoteSwiftPackageReference;
			repositoryURL = "https://github.com/SDWebImage/SDWebImage.git";
			requirement = {
				kind = upToNextMajorVersion;
				minimumVersion = 5.19.2;
			};
		};
		C3D94B762BEE9B4B00566535 /* XCRemoteSwiftPackageReference "SnapKit" */ = {
			isa = XCRemoteSwiftPackageReference;
			repositoryURL = "https://github.com/SnapKit/SnapKit.git";
			requirement = {
				kind = upToNextMajorVersion;
				minimumVersion = 5.7.1;
			};
		};
		C3D94B822BEEA4A200566535 /* XCRemoteSwiftPackageReference "Alamofire" */ = {
			isa = XCRemoteSwiftPackageReference;
			repositoryURL = "https://github.com/Alamofire/Alamofire.git";
			requirement = {
				kind = upToNextMajorVersion;
				minimumVersion = 5.9.1;
			};
		};
/* End XCRemoteSwiftPackageReference section */

/* Begin XCSwiftPackageProductDependency section */
		C373232C2BF0B67C0059EB80 /* SDWebImage */ = {
			isa = XCSwiftPackageProductDependency;
			package = C373232B2BF0B67C0059EB80 /* XCRemoteSwiftPackageReference "SDWebImage" */;
			productName = SDWebImage;
		};
		C373232E2BF0B67C0059EB80 /* SDWebImageMapKit */ = {
			isa = XCSwiftPackageProductDependency;
			package = C373232B2BF0B67C0059EB80 /* XCRemoteSwiftPackageReference "SDWebImage" */;
			productName = SDWebImageMapKit;
		};
		C3D94B772BEE9B4B00566535 /* SnapKit */ = {
			isa = XCSwiftPackageProductDependency;
			package = C3D94B762BEE9B4B00566535 /* XCRemoteSwiftPackageReference "SnapKit" */;
			productName = SnapKit;
		};
		C3D94B792BEE9B4B00566535 /* SnapKit-Dynamic */ = {
			isa = XCSwiftPackageProductDependency;
			package = C3D94B762BEE9B4B00566535 /* XCRemoteSwiftPackageReference "SnapKit" */;
			productName = "SnapKit-Dynamic";
		};
		C3D94B832BEEA4A200566535 /* Alamofire */ = {
			isa = XCSwiftPackageProductDependency;
			package = C3D94B822BEEA4A200566535 /* XCRemoteSwiftPackageReference "Alamofire" */;
			productName = Alamofire;
		};
		C3D94B852BEEA4A200566535 /* AlamofireDynamic */ = {
			isa = XCSwiftPackageProductDependency;
			package = C3D94B822BEEA4A200566535 /* XCRemoteSwiftPackageReference "Alamofire" */;
			productName = AlamofireDynamic;
		};
/* End XCSwiftPackageProductDependency section */
	};
	rootObject = C3D94B4D2BEE98B000566535 /* Project object */;
}
